// !$*UTF8*$!
{
	archiveVersion = 1;
	classes = {
	};
	objectVersion = 50;
	objects = {

/* Begin PBXBuildFile section */
		659AA60C6A5959F649A63962 /* Pods_Bitcoin_Picker.framework in Frameworks */ = {isa = PBXBuildFile; fileRef = 11EE6DFB1C5B184A6B50DE6B /* Pods_Bitcoin_Picker.framework */; };
		9601149B2176775400C91018 /* AppDelegate.swift in Sources */ = {isa = PBXBuildFile; fileRef = 9601149A2176775400C91018 /* AppDelegate.swift */; };
		9601149D2176775400C91018 /* ViewController.swift in Sources */ = {isa = PBXBuildFile; fileRef = 9601149C2176775400C91018 /* ViewController.swift */; };
		960114A02176775400C91018 /* Main.storyboard in Resources */ = {isa = PBXBuildFile; fileRef = 9601149E2176775400C91018 /* Main.storyboard */; };
		960114A22176775500C91018 /* Assets.xcassets in Resources */ = {isa = PBXBuildFile; fileRef = 960114A12176775500C91018 /* Assets.xcassets */; };
		960114A52176775500C91018 /* LaunchScreen.storyboard in Resources */ = {isa = PBXBuildFile; fileRef = 960114A32176775500C91018 /* LaunchScreen.storyboard */; };
/* End PBXBuildFile section */

/* Begin PBXFileReference section */
		085E62BC8638F30A44C97528 /* Pods-Bitcoin Picker.debug.xcconfig */ = {isa = PBXFileReference; includeInIndex = 1; lastKnownFileType = text.xcconfig; name = "Pods-Bitcoin Picker.debug.xcconfig"; path = "Pods/Target Support Files/Pods-Bitcoin Picker/Pods-Bitcoin Picker.debug.xcconfig"; sourceTree = "<group>"; };
		11EE6DFB1C5B184A6B50DE6B /* Pods_Bitcoin_Picker.framework */ = {isa = PBXFileReference; explicitFileType = wrapper.framework; includeInIndex = 0; path = Pods_Bitcoin_Picker.framework; sourceTree = BUILT_PRODUCTS_DIR; };
		21F073DBF6C8BCF88D587968 /* Pods-Bitcoin Picker.release.xcconfig */ = {isa = PBXFileReference; includeInIndex = 1; lastKnownFileType = text.xcconfig; name = "Pods-Bitcoin Picker.release.xcconfig"; path = "Pods/Target Support Files/Pods-Bitcoin Picker/Pods-Bitcoin Picker.release.xcconfig"; sourceTree = "<group>"; };
		960114972176775400C91018 /* Bitcoin Picker.app */ = {isa = PBXFileReference; explicitFileType = wrapper.application; includeInIndex = 0; path = "Bitcoin Picker.app"; sourceTree = BUILT_PRODUCTS_DIR; };
		9601149A2176775400C91018 /* AppDelegate.swift */ = {isa = PBXFileReference; lastKnownFileType = sourcecode.swift; path = AppDelegate.swift; sourceTree = "<group>"; };
		9601149C2176775400C91018 /* ViewController.swift */ = {isa = PBXFileReference; lastKnownFileType = sourcecode.swift; path = ViewController.swift; sourceTree = "<group>"; };
		9601149F2176775400C91018 /* Base */ = {isa = PBXFileReference; lastKnownFileType = file.storyboard; name = Base; path = Base.lproj/Main.storyboard; sourceTree = "<group>"; };
		960114A12176775500C91018 /* Assets.xcassets */ = {isa = PBXFileReference; lastKnownFileType = folder.assetcatalog; path = Assets.xcassets; sourceTree = "<group>"; };
		960114A42176775500C91018 /* Base */ = {isa = PBXFileReference; lastKnownFileType = file.storyboard; name = Base; path = Base.lproj/LaunchScreen.storyboard; sourceTree = "<group>"; };
		960114A62176775500C91018 /* Info.plist */ = {isa = PBXFileReference; lastKnownFileType = text.plist.xml; path = Info.plist; sourceTree = "<group>"; };
/* End PBXFileReference section */

/* Begin PBXFrameworksBuildPhase section */
		960114942176775400C91018 /* Frameworks */ = {
			isa = PBXFrameworksBuildPhase;
			buildActionMask = 2147483647;
			files = (
				659AA60C6A5959F649A63962 /* Pods_Bitcoin_Picker.framework in Frameworks */,
			);
			runOnlyForDeploymentPostprocessing = 0;
		};
/* End PBXFrameworksBuildPhase section */

/* Begin PBXGroup section */
		6F8280D3EBC3BA1CA7457738 /* Frameworks */ = {
			isa = PBXGroup;
			children = (
				11EE6DFB1C5B184A6B50DE6B /* Pods_Bitcoin_Picker.framework */,
			);
			name = Frameworks;
			sourceTree = "<group>";
		};
		9601148E2176775400C91018 = {
			isa = PBXGroup;
			children = (
				960114992176775400C91018 /* Bitcoin Picker */,
				960114982176775400C91018 /* Products */,
				B89905C1EB4583394CAF3C19 /* Pods */,
				6F8280D3EBC3BA1CA7457738 /* Frameworks */,
			);
			sourceTree = "<group>";
		};
		960114982176775400C91018 /* Products */ = {
			isa = PBXGroup;
			children = (
				960114972176775400C91018 /* Bitcoin Picker.app */,
			);
			name = Products;
			sourceTree = "<group>";
		};
		960114992176775400C91018 /* Bitcoin Picker */ = {
			isa = PBXGroup;
			children = (
				9601149A2176775400C91018 /* AppDelegate.swift */,
				9601149C2176775400C91018 /* ViewController.swift */,
				9601149E2176775400C91018 /* Main.storyboard */,
				960114A12176775500C91018 /* Assets.xcassets */,
				960114A32176775500C91018 /* LaunchScreen.storyboard */,
				960114A62176775500C91018 /* Info.plist */,
			);
			path = "Bitcoin Picker";
			sourceTree = "<group>";
		};
		B89905C1EB4583394CAF3C19 /* Pods */ = {
			isa = PBXGroup;
			children = (
				085E62BC8638F30A44C97528 /* Pods-Bitcoin Picker.debug.xcconfig */,
				21F073DBF6C8BCF88D587968 /* Pods-Bitcoin Picker.release.xcconfig */,
			);
			name = Pods;
			sourceTree = "<group>";
		};
/* End PBXGroup section */

/* Begin PBXNativeTarget section */
		960114962176775400C91018 /* Bitcoin Picker */ = {
			isa = PBXNativeTarget;
			buildConfigurationList = 960114A92176775500C91018 /* Build configuration list for PBXNativeTarget "Bitcoin Picker" */;
			buildPhases = (
				F29BB572236E159E4E724571 /* [CP] Check Pods Manifest.lock */,
				960114932176775400C91018 /* Sources */,
				960114942176775400C91018 /* Frameworks */,
				960114952176775400C91018 /* Resources */,
				6A865EE1AB609B4743973C16 /* [CP] Embed Pods Frameworks */,
			);
			buildRules = (
			);
			dependencies = (
			);
			name = "Bitcoin Picker";
			productName = "Bitcoin Picker";
			productReference = 960114972176775400C91018 /* Bitcoin Picker.app */;
			productType = "com.apple.product-type.application";
		};
/* End PBXNativeTarget section */

/* Begin PBXProject section */
		9601148F2176775400C91018 /* Project object */ = {
			isa = PBXProject;
			attributes = {
				LastSwiftUpdateCheck = 1000;
				LastUpgradeCheck = 1000;
				ORGANIZATIONNAME = EG;
				TargetAttributes = {
					960114962176775400C91018 = {
						CreatedOnToolsVersion = 10.0;
					};
				};
			};
			buildConfigurationList = 960114922176775400C91018 /* Build configuration list for PBXProject "Bitcoin Picker" */;
			compatibilityVersion = "Xcode 9.3";
			developmentRegion = en;
			hasScannedForEncodings = 0;
			knownRegions = (
				en,
				Base,
			);
			mainGroup = 9601148E2176775400C91018;
			productRefGroup = 960114982176775400C91018 /* Products */;
			projectDirPath = "";
			projectRoot = "";
			targets = (
				960114962176775400C91018 /* Bitcoin Picker */,
			);
		};
/* End PBXProject section */

/* Begin PBXResourcesBuildPhase section */
		960114952176775400C91018 /* Resources */ = {
			isa = PBXResourcesBuildPhase;
			buildActionMask = 2147483647;
			files = (
				960114A52176775500C91018 /* LaunchScreen.storyboard in Resources */,
				960114A22176775500C91018 /* Assets.xcassets in Resources */,
				960114A02176775400C91018 /* Main.storyboard in Resources */,
			);
			runOnlyForDeploymentPostprocessing = 0;
		};
/* End PBXResourcesBuildPhase section */

/* Begin PBXShellScriptBuildPhase section */
		6A865EE1AB609B4743973C16 /* [CP] Embed Pods Frameworks */ = {
			isa = PBXShellScriptBuildPhase;
			buildActionMask = 2147483647;
			files = (
			);
			inputPaths = (
				"${SRCROOT}/Pods/Target Support Files/Pods-Bitcoin Picker/Pods-Bitcoin Picker-frameworks.sh",
				"${BUILT_PRODUCTS_DIR}/Alamofire/Alamofire.framework",
				"${BUILT_PRODUCTS_DIR}/SwiftyJSON/SwiftyJSON.framework",
			);
			name = "[CP] Embed Pods Frameworks";
			outputPaths = (
				"${TARGET_BUILD_DIR}/${FRAMEWORKS_FOLDER_PATH}/Alamofire.framework",
				"${TARGET_BUILD_DIR}/${FRAMEWORKS_FOLDER_PATH}/SwiftyJSON.framework",
			);
			runOnlyForDeploymentPostprocessing = 0;
			shellPath = /bin/sh;
			shellScript = "\"${SRCROOT}/Pods/Target Support Files/Pods-Bitcoin Picker/Pods-Bitcoin Picker-frameworks.sh\"\n";
			showEnvVarsInLog = 0;
		};
		F29BB572236E159E4E724571 /* [CP] Check Pods Manifest.lock */ = {
			isa = PBXShellScriptBuildPhase;
			buildActionMask = 2147483647;
			files = (
			);
			inputPaths = (
				"${PODS_PODFILE_DIR_PATH}/Podfile.lock",
				"${PODS_ROOT}/Manifest.lock",
			);
			name = "[CP] Check Pods Manifest.lock";
			outputPaths = (
				"$(DERIVED_FILE_DIR)/Pods-Bitcoin Picker-checkManifestLockResult.txt",
			);
			runOnlyForDeploymentPostprocessing = 0;
			shellPath = /bin/sh;
			shellScript = "diff \"${PODS_PODFILE_DIR_PATH}/Podfile.lock\" \"${PODS_ROOT}/Manifest.lock\" > /dev/null\nif [ $? != 0 ] ; then\n    # print error to STDERR\n    echo \"error: The sandbox is not in sync with the Podfile.lock. Run 'pod install' or update your CocoaPods installation.\" >&2\n    exit 1\nfi\n# This output is used by Xcode 'outputs' to avoid re-running this script phase.\necho \"SUCCESS\" > \"${SCRIPT_OUTPUT_FILE_0}\"\n";
			showEnvVarsInLog = 0;
		};
/* End PBXShellScriptBuildPhase section */

/* Begin PBXSourcesBuildPhase section */
		960114932176775400C91018 /* Sources */ = {
			isa = PBXSourcesBuildPhase;
			buildActionMask = 2147483647;
			files = (
				9601149D2176775400C91018 /* ViewController.swift in Sources */,
				9601149B2176775400C91018 /* AppDelegate.swift in Sources */,
			);
			runOnlyForDeploymentPostprocessing = 0;
		};
/* End PBXSourcesBuildPhase section */

/* Begin PBXVariantGroup section */
		9601149E2176775400C91018 /* Main.storyboard */ = {
			isa = PBXVariantGroup;
			children = (
				9601149F2176775400C91018 /* Base */,
			);
			name = Main.storyboard;
			sourceTree = "<group>";
		};
		960114A32176775500C91018 /* LaunchScreen.storyboard */ = {
			isa = PBXVariantGroup;
			children = (
				960114A42176775500C91018 /* Base */,
			);
			name = LaunchScreen.storyboard;
			sourceTree = "<group>";
		};
/* End PBXVariantGroup section */

/* Begin XCBuildConfiguration section */
		960114A72176775500C91018 /* Debug */ = {
			isa = XCBuildConfiguration;
			buildSettings = {
				ALWAYS_SEARCH_USER_PATHS = NO;
				CLANG_ANALYZER_NONNULL = YES;
				CLANG_ANALYZER_NUMBER_OBJECT_CONVERSION = YES_AGGRESSIVE;
				CLANG_CXX_LANGUAGE_STANDARD = "gnu++14";
				CLANG_CXX_LIBRARY = "libc++";
				CLANG_ENABLE_MODULES = YES;
				CLANG_ENABLE_OBJC_ARC = YES;
				CLANG_ENABLE_OBJC_WEAK = YES;
				CLANG_WARN_BLOCK_CAPTURE_AUTORELEASING = YES;
				CLANG_WARN_BOOL_CONVERSION = YES;
				CLANG_WARN_COMMA = YES;
				CLANG_WARN_CONSTANT_CONVERSION = YES;
				CLANG_WARN_DEPRECATED_OBJC_IMPLEMENTATIONS = YES;
				CLANG_WARN_DIRECT_OBJC_ISA_USAGE = YES_ERROR;
				CLANG_WARN_DOCUMENTATION_COMMENTS = YES;
				CLANG_WARN_EMPTY_BODY = YES;
				CLANG_WARN_ENUM_CONVERSION = YES;
				CLANG_WARN_INFINITE_RECURSION = YES;
				CLANG_WARN_INT_CONVERSION = YES;
				CLANG_WARN_NON_LITERAL_NULL_CONVERSION = YES;
				CLANG_WARN_OBJC_IMPLICIT_RETAIN_SELF = YES;
				CLANG_WARN_OBJC_LITERAL_CONVERSION = YES;
				CLANG_WARN_OBJC_ROOT_CLASS = YES_ERROR;
				CLANG_WARN_RANGE_LOOP_ANALYSIS = YES;
				CLANG_WARN_STRICT_PROTOTYPES = YES;
				CLANG_WARN_SUSPICIOUS_MOVE = YES;
				CLANG_WARN_UNGUARDED_AVAILABILITY = YES_AGGRESSIVE;
				CLANG_WARN_UNREACHABLE_CODE = YES;
				CLANG_WARN__DUPLICATE_METHOD_MATCH = YES;
				CODE_SIGN_IDENTITY = "iPhone Developer";
				COPY_PHASE_STRIP = NO;
				DEBUG_INFORMATION_FORMAT = dwarf;
				ENABLE_STRICT_OBJC_MSGSEND = YES;
				ENABLE_TESTABILITY = YES;
				GCC_C_LANGUAGE_STANDARD = gnu11;
				GCC_DYNAMIC_NO_PIC = NO;
				GCC_NO_COMMON_BLOCKS = YES;
				GCC_OPTIMIZATION_LEVEL = 0;
				GCC_PREPROCESSOR_DEFINITIONS = (
					"DEBUG=1",
					"$(inherited)",
				);
				GCC_WARN_64_TO_32_BIT_CONVERSION = YES;
				GCC_WARN_ABOUT_RETURN_TYPE = YES_ERROR;
				GCC_WARN_UNDECLARED_SELECTOR = YES;
				GCC_WARN_UNINITIALIZED_AUTOS = YES_AGGRESSIVE;
				GCC_WARN_UNUSED_FUNCTION = YES;
				GCC_WARN_UNUSED_VARIABLE = YES;
				IPHONEOS_DEPLOYMENT_TARGET = 12.0;
				MTL_ENABLE_DEBUG_INFO = INCLUDE_SOURCE;
				MTL_FAST_MATH = YES;
				ONLY_ACTIVE_ARCH = YES;
				SDKROOT = iphoneos;
				SWIFT_ACTIVE_COMPILATION_CONDITIONS = DEBUG;
				SWIFT_OPTIMIZATION_LEVEL = "-Onone";
			};
			name = Debug;
		};
		960114A82176775500C91018 /* Release */ = {
			isa = XCBuildConfiguration;
			buildSettings = {
				ALWAYS_SEARCH_USER_PATHS = NO;
				CLANG_ANALYZER_NONNULL = YES;
				CLANG_ANALYZER_NUMBER_OBJECT_CONVERSION = YES_AGGRESSIVE;
				CLANG_CXX_LANGUAGE_STANDARD = "gnu++14";
				CLANG_CXX_LIBRARY = "libc++";
				CLANG_ENABLE_MODULES = YES;
				CLANG_ENABLE_OBJC_ARC = YES;
				CLANG_ENABLE_OBJC_WEAK = YES;
				CLANG_WARN_BLOCK_CAPTURE_AUTORELEASING = YES;
				CLANG_WARN_BOOL_CONVERSION = YES;
				CLANG_WARN_COMMA = YES;
				CLANG_WARN_CONSTANT_CONVERSION = YES;
				CLANG_WARN_DEPRECATED_OBJC_IMPLEMENTATIONS = YES;
				CLANG_WARN_DIRECT_OBJC_ISA_USAGE = YES_ERROR;
				CLANG_WARN_DOCUMENTATION_COMMENTS = YES;
				CLANG_WARN_EMPTY_BODY = YES;
				CLANG_WARN_ENUM_CONVERSION = YES;
				CLANG_WARN_INFINITE_RECURSION = YES;
				CLANG_WARN_INT_CONVERSION = YES;
				CLANG_WARN_NON_LITERAL_NULL_CONVERSION = YES;
				CLANG_WARN_OBJC_IMPLICIT_RETAIN_SELF = YES;
				CLANG_WARN_OBJC_LITERAL_CONVERSION = YES;
				CLANG_WARN_OBJC_ROOT_CLASS = YES_ERROR;
				CLANG_WARN_RANGE_LOOP_ANALYSIS = YES;
				CLANG_WARN_STRICT_PROTOTYPES = YES;
				CLANG_WARN_SUSPICIOUS_MOVE = YES;
				CLANG_WARN_UNGUARDED_AVAILABILITY = YES_AGGRESSIVE;
				CLANG_WARN_UNREACHABLE_CODE = YES;
				CLANG_WARN__DUPLICATE_METHOD_MATCH = YES;
				CODE_SIGN_IDENTITY = "iPhone Developer";
				COPY_PHASE_STRIP = NO;
				DEBUG_INFORMATION_FORMAT = "dwarf-with-dsym";
				ENABLE_NS_ASSERTIONS = NO;
				ENABLE_STRICT_OBJC_MSGSEND = YES;
				GCC_C_LANGUAGE_STANDARD = gnu11;
				GCC_NO_COMMON_BLOCKS = YES;
				GCC_WARN_64_TO_32_BIT_CONVERSION = YES;
				GCC_WARN_ABOUT_RETURN_TYPE = YES_ERROR;
				GCC_WARN_UNDECLARED_SELECTOR = YES;
				GCC_WARN_UNINITIALIZED_AUTOS = YES_AGGRESSIVE;
				GCC_WARN_UNUSED_FUNCTION = YES;
				GCC_WARN_UNUSED_VARIABLE = YES;
				IPHONEOS_DEPLOYMENT_TARGET = 12.0;
				MTL_ENABLE_DEBUG_INFO = NO;
				MTL_FAST_MATH = YES;
				SDKROOT = iphoneos;
				SWIFT_COMPILATION_MODE = wholemodule;
				SWIFT_OPTIMIZATION_LEVEL = "-O";
				VALIDATE_PRODUCT = YES;
			};
			name = Release;
		};
		960114AA2176775500C91018 /* Debug */ = {
			isa = XCBuildConfiguration;
			baseConfigurationReference = 085E62BC8638F30A44C97528 /* Pods-Bitcoin Picker.debug.xcconfig */;
			buildSettings = {
				ASSETCATALOG_COMPILER_APPICON_NAME = AppIcon;
				CODE_SIGN_STYLE = Automatic;
				DEVELOPMENT_TEAM = A6J7V5A9NR;
				INFOPLIST_FILE = "Bitcoin Picker/Info.plist";
				IPHONEOS_DEPLOYMENT_TARGET = 9.0;
				LD_RUNPATH_SEARCH_PATHS = "$(inherited) @executable_path/Frameworks";
				PRODUCT_BUNDLE_IDENTIFIER = "com.eg.apple.Bitcoin-Picker";
				PRODUCT_NAME = "$(TARGET_NAME)";
				SWIFT_VERSION = 4.2;
				TARGETED_DEVICE_FAMILY = 1;
			};
			name = Debug;
		};
		960114AB2176775500C91018 /* Release */ = {
			isa = XCBuildConfiguration;
			baseConfigurationReference = 21F073DBF6C8BCF88D587968 /* Pods-Bitcoin Picker.release.xcconfig */;
			buildSettings = {
				ASSETCATALOG_COMPILER_APPICON_NAME = AppIcon;
				CODE_SIGN_STYLE = Automatic;
				DEVELOPMENT_TEAM = A6J7V5A9NR;
				INFOPLIST_FILE = "Bitcoin Picker/Info.plist";
				IPHONEOS_DEPLOYMENT_TARGET = 9.0;
				LD_RUNPATH_SEARCH_PATHS = "$(inherited) @executable_path/Frameworks";
				PRODUCT_BUNDLE_IDENTIFIER = "com.eg.apple.Bitcoin-Picker";
				PRODUCT_NAME = "$(TARGET_NAME)";
				SWIFT_VERSION = 4.2;
				TARGETED_DEVICE_FAMILY = 1;
			};
			name = Release;
		};
/* End XCBuildConfiguration section */

/* Begin XCConfigurationList section */
		960114922176775400C91018 /* Build configuration list for PBXProject "Bitcoin Picker" */ = {
			isa = XCConfigurationList;
			buildConfigurations = (
				960114A72176775500C91018 /* Debug */,
				960114A82176775500C91018 /* Release */,
			);
			defaultConfigurationIsVisible = 0;
			defaultConfigurationName = Release;
		};
		960114A92176775500C91018 /* Build configuration list for PBXNativeTarget "Bitcoin Picker" */ = {
			isa = XCConfigurationList;
			buildConfigurations = (
				960114AA2176775500C91018 /* Debug */,
				960114AB2176775500C91018 /* Release */,
			);
			defaultConfigurationIsVisible = 0;
			defaultConfigurationName = Release;
		};
/* End XCConfigurationList section */
	};
	rootObject = 9601148F2176775400C91018 /* Project object */;
}
